dependencies:
- name: nginx-ingress
  repository: https://charts.helm.sh/stable
  version: 1.41.2
- name: mongodb
  repository: https://charts.bitnami.com/bitnami
  version: 10.3.3
digest: sha256:cf0ecdf0c263d97667daa6b8f5be79a81cb6ef0245270c83fddaff17a474f950
generated: "2021-07-08T01:33:50.213478358+05:30"
